
Microsoft Visual Studio Solution File, Format Version 12.00
# Visual Studio Version 17
VisualStudioVersion = 17.8.34511.84
MinimumVisualStudioVersion = 10.0.40219.1
Project("{9A19103F-16F7-4668-BE54-9A1E7A4F7556}") = "DataBindingExample", "Lecture_3\DataBindingExample.csproj", "{2389565A-B1E5-41CF-8CCA-A9BC83DCF4EF}"
EndProject
Project("{FAE04EC0-301F-11D3-BF4B-00C04F79EFBC}") = "ConverterExample", "ConverterExample\ConverterExample.csproj", "{7E46A77F-44C8-46F1-8AA8-6209A27126A2}"
EndProject
Global
	GlobalSection(SolutionConfigurationPlatforms) = preSolution
		Debug|Any CPU = Debug|Any CPU
		Release|Any CPU = Release|Any CPU
	EndGlobalSection
	GlobalSection(ProjectConfigurationPlatforms) = postSolution
		{2389565A-B1E5-41CF-8CCA-A9BC83DCF4EF}.Debug|Any CPU.ActiveCfg = Debug|Any CPU
		{2389565A-B1E5-41CF-8CCA-A9BC83DCF4EF}.Debug|Any CPU.Build.0 = Debug|Any CPU
		{2389565A-B1E5-41CF-8CCA-A9BC83DCF4EF}.Release|Any CPU.ActiveCfg = Release|Any CPU
		{2389565A-B1E5-41CF-8CCA-A9BC83DCF4EF}.Release|Any CPU.Build.0 = Release|Any CPU
		{7E46A77F-44C8-46F1-8AA8-6209A27126A2}.Debug|Any CPU.ActiveCfg = Debug|Any CPU
		{7E46A77F-44C8-46F1-8AA8-6209A27126A2}.Debug|Any CPU.Build.0 = Debug|Any CPU
		{7E46A77F-44C8-46F1-8AA8-6209A27126A2}.Release|Any CPU.ActiveCfg = Release|Any CPU
		{7E46A77F-44C8-46F1-8AA8-6209A27126A2}.Release|Any CPU.Build.0 = Release|Any CPU
	EndGlobalSection
	GlobalSection(SolutionProperties) = preSolution
		HideSolutionNode = FALSE
	EndGlobalSection
	GlobalSection(ExtensibilityGlobals) = postSolution
		SolutionGuid = {240FFF88-9A3D-4590-B2E7-BF6B1381F230}
	EndGlobalSection
EndGlobal
