
Microsoft Visual Studio Solution File, Format Version 12.00
# Visual Studio Version 17
VisualStudioVersion = 17.8.34511.84
MinimumVisualStudioVersion = 10.0.40219.1
Project("{9A19103F-16F7-4668-BE54-9A1E7A4F7556}") = "ObservableExamples", "ObservableExamples\ObservableExamples.csproj", "{B142C141-5C45-41C4-87A5-3D0113233368}"
EndProject
Project("{9A19103F-16F7-4668-BE54-9A1E7A4F7556}") = "DisposeExample", "DisposeExample\DisposeExample.csproj", "{D597538E-63F9-4CEE-9F87-CD48D0ED00E1}"
EndProject
Project("{FAE04EC0-301F-11D3-BF4B-00C04F79EFBC}") = "IteratorExample", "IteratorExample\IteratorExample.csproj", "{32179A46-1242-41A8-9C5E-D5BA294C5EAA}"
EndProject
Project("{FAE04EC0-301F-11D3-BF4B-00C04F79EFBC}") = "EventExample", "EventExample\EventExample.csproj", "{C9AC4AC7-813C-4721-9F3A-B2392F512CAA}"
EndProject
Project("{FAE04EC0-301F-11D3-BF4B-00C04F79EFBC}") = "EventHandlerExample", "EventHandlerExample\EventHandlerExample.csproj", "{CF47398D-2EC6-4D4D-8CED-A699C6DFFC03}"
EndProject
Global
	GlobalSection(SolutionConfigurationPlatforms) = preSolution
		Debug|Any CPU = Debug|Any CPU
		Release|Any CPU = Release|Any CPU
	EndGlobalSection
	GlobalSection(ProjectConfigurationPlatforms) = postSolution
		{B142C141-5C45-41C4-87A5-3D0113233368}.Debug|Any CPU.ActiveCfg = Debug|Any CPU
		{B142C141-5C45-41C4-87A5-3D0113233368}.Debug|Any CPU.Build.0 = Debug|Any CPU
		{B142C141-5C45-41C4-87A5-3D0113233368}.Release|Any CPU.ActiveCfg = Release|Any CPU
		{B142C141-5C45-41C4-87A5-3D0113233368}.Release|Any CPU.Build.0 = Release|Any CPU
		{D597538E-63F9-4CEE-9F87-CD48D0ED00E1}.Debug|Any CPU.ActiveCfg = Debug|Any CPU
		{D597538E-63F9-4CEE-9F87-CD48D0ED00E1}.Debug|Any CPU.Build.0 = Debug|Any CPU
		{D597538E-63F9-4CEE-9F87-CD48D0ED00E1}.Release|Any CPU.ActiveCfg = Release|Any CPU
		{D597538E-63F9-4CEE-9F87-CD48D0ED00E1}.Release|Any CPU.Build.0 = Release|Any CPU
		{32179A46-1242-41A8-9C5E-D5BA294C5EAA}.Debug|Any CPU.ActiveCfg = Debug|Any CPU
		{32179A46-1242-41A8-9C5E-D5BA294C5EAA}.Debug|Any CPU.Build.0 = Debug|Any CPU
		{32179A46-1242-41A8-9C5E-D5BA294C5EAA}.Release|Any CPU.ActiveCfg = Release|Any CPU
		{32179A46-1242-41A8-9C5E-D5BA294C5EAA}.Release|Any CPU.Build.0 = Release|Any CPU
		{C9AC4AC7-813C-4721-9F3A-B2392F512CAA}.Debug|Any CPU.ActiveCfg = Debug|Any CPU
		{C9AC4AC7-813C-4721-9F3A-B2392F512CAA}.Debug|Any CPU.Build.0 = Debug|Any CPU
		{C9AC4AC7-813C-4721-9F3A-B2392F512CAA}.Release|Any CPU.ActiveCfg = Release|Any CPU
		{C9AC4AC7-813C-4721-9F3A-B2392F512CAA}.Release|Any CPU.Build.0 = Release|Any CPU
		{CF47398D-2EC6-4D4D-8CED-A699C6DFFC03}.Debug|Any CPU.ActiveCfg = Debug|Any CPU
		{CF47398D-2EC6-4D4D-8CED-A699C6DFFC03}.Debug|Any CPU.Build.0 = Debug|Any CPU
		{CF47398D-2EC6-4D4D-8CED-A699C6DFFC03}.Release|Any CPU.ActiveCfg = Release|Any CPU
		{CF47398D-2EC6-4D4D-8CED-A699C6DFFC03}.Release|Any CPU.Build.0 = Release|Any CPU
	EndGlobalSection
	GlobalSection(SolutionProperties) = preSolution
		HideSolutionNode = FALSE
	EndGlobalSection
	GlobalSection(ExtensibilityGlobals) = postSolution
		SolutionGuid = {DE236E81-9EDF-4832-B590-86E2204F389D}
	EndGlobalSection
EndGlobal
