
Microsoft Visual Studio Solution File, Format Version 12.00
# Visual Studio Version 17
VisualStudioVersion = 17.8.34511.84
MinimumVisualStudioVersion = 10.0.40219.1
Project("{9A19103F-16F7-4668-BE54-9A1E7A4F7556}") = "AdapterExample", "AdapterExample\AdapterExample.csproj", "{28F485C8-B546-44B5-8B9A-A3EFD81FC47B}"
EndProject
Project("{9A19103F-16F7-4668-BE54-9A1E7A4F7556}") = "ApplicationWithFactoryMethod", "ApplicationWithFactoryMethod\ApplicationWithFactoryMethod.csproj", "{5519FF21-D436-4288-A0D3-C4201DC643DE}"
EndProject
Project("{9A19103F-16F7-4668-BE54-9A1E7A4F7556}") = "BridgeExample", "BridgeExample\BridgeExample.csproj", "{49E592C2-81C6-4EAF-8D69-EE0DBD3A71BC}"
EndProject
Project("{9A19103F-16F7-4668-BE54-9A1E7A4F7556}") = "DecoratorExample", "DecoratorExample\DecoratorExample.csproj", "{32BE9BDB-1F6A-4CF7-9662-3ECD08FB46AF}"
EndProject
Project("{9A19103F-16F7-4668-BE54-9A1E7A4F7556}") = "ProxyExample", "ProxyExample\ProxyExample.csproj", "{39185C22-FADF-4672-AC4E-FDF4C014DA39}"
EndProject
Global
	GlobalSection(SolutionConfigurationPlatforms) = preSolution
		Debug|Any CPU = Debug|Any CPU
		Release|Any CPU = Release|Any CPU
	EndGlobalSection
	GlobalSection(ProjectConfigurationPlatforms) = postSolution
		{28F485C8-B546-44B5-8B9A-A3EFD81FC47B}.Debug|Any CPU.ActiveCfg = Debug|Any CPU
		{28F485C8-B546-44B5-8B9A-A3EFD81FC47B}.Debug|Any CPU.Build.0 = Debug|Any CPU
		{28F485C8-B546-44B5-8B9A-A3EFD81FC47B}.Release|Any CPU.ActiveCfg = Release|Any CPU
		{28F485C8-B546-44B5-8B9A-A3EFD81FC47B}.Release|Any CPU.Build.0 = Release|Any CPU
		{5519FF21-D436-4288-A0D3-C4201DC643DE}.Debug|Any CPU.ActiveCfg = Debug|Any CPU
		{5519FF21-D436-4288-A0D3-C4201DC643DE}.Debug|Any CPU.Build.0 = Debug|Any CPU
		{5519FF21-D436-4288-A0D3-C4201DC643DE}.Release|Any CPU.ActiveCfg = Release|Any CPU
		{5519FF21-D436-4288-A0D3-C4201DC643DE}.Release|Any CPU.Build.0 = Release|Any CPU
		{49E592C2-81C6-4EAF-8D69-EE0DBD3A71BC}.Debug|Any CPU.ActiveCfg = Debug|Any CPU
		{49E592C2-81C6-4EAF-8D69-EE0DBD3A71BC}.Debug|Any CPU.Build.0 = Debug|Any CPU
		{49E592C2-81C6-4EAF-8D69-EE0DBD3A71BC}.Release|Any CPU.ActiveCfg = Release|Any CPU
		{49E592C2-81C6-4EAF-8D69-EE0DBD3A71BC}.Release|Any CPU.Build.0 = Release|Any CPU
		{32BE9BDB-1F6A-4CF7-9662-3ECD08FB46AF}.Debug|Any CPU.ActiveCfg = Debug|Any CPU
		{32BE9BDB-1F6A-4CF7-9662-3ECD08FB46AF}.Debug|Any CPU.Build.0 = Debug|Any CPU
		{32BE9BDB-1F6A-4CF7-9662-3ECD08FB46AF}.Release|Any CPU.ActiveCfg = Release|Any CPU
		{32BE9BDB-1F6A-4CF7-9662-3ECD08FB46AF}.Release|Any CPU.Build.0 = Release|Any CPU
		{39185C22-FADF-4672-AC4E-FDF4C014DA39}.Debug|Any CPU.ActiveCfg = Debug|Any CPU
		{39185C22-FADF-4672-AC4E-FDF4C014DA39}.Debug|Any CPU.Build.0 = Debug|Any CPU
		{39185C22-FADF-4672-AC4E-FDF4C014DA39}.Release|Any CPU.ActiveCfg = Release|Any CPU
		{39185C22-FADF-4672-AC4E-FDF4C014DA39}.Release|Any CPU.Build.0 = Release|Any CPU
	EndGlobalSection
	GlobalSection(SolutionProperties) = preSolution
		HideSolutionNode = FALSE
	EndGlobalSection
	GlobalSection(ExtensibilityGlobals) = postSolution
		SolutionGuid = {F9A4BD28-4836-405E-A8FF-DC54143ACC4D}
	EndGlobalSection
EndGlobal
