
Microsoft Visual Studio Solution File, Format Version 12.00
# Visual Studio Version 17
VisualStudioVersion = 17.8.34511.84
MinimumVisualStudioVersion = 10.0.40219.1
Project("{9A19103F-16F7-4668-BE54-9A1E7A4F7556}") = "ShapeLibrary", "ShapeLibrary\ShapeLibrary.csproj", "{998EA603-3D82-458C-A266-7A7DBE7CD57B}"
EndProject
Global
	GlobalSection(SolutionConfigurationPlatforms) = preSolution
		Debug|Any CPU = Debug|Any CPU
		Release|Any CPU = Release|Any CPU
	EndGlobalSection
	GlobalSection(ProjectConfigurationPlatforms) = postSolution
		{998EA603-3D82-458C-A266-7A7DBE7CD57B}.Debug|Any CPU.ActiveCfg = Debug|Any CPU
		{998EA603-3D82-458C-A266-7A7DBE7CD57B}.Debug|Any CPU.Build.0 = Debug|Any CPU
		{998EA603-3D82-458C-A266-7A7DBE7CD57B}.Release|Any CPU.ActiveCfg = Release|Any CPU
		{998EA603-3D82-458C-A266-7A7DBE7CD57B}.Release|Any CPU.Build.0 = Release|Any CPU
	EndGlobalSection
	GlobalSection(SolutionProperties) = preSolution
		HideSolutionNode = FALSE
	EndGlobalSection
	GlobalSection(ExtensibilityGlobals) = postSolution
		SolutionGuid = {1D3B22E5-4A61-4F97-843F-ABB66794132C}
	EndGlobalSection
EndGlobal
